
Microsoft Visual Studio Solution File, Format Version 12.00
# Visual Studio Version 17
VisualStudioVersion = 17.3.32901.215
MinimumVisualStudioVersion = 10.0.40219.1
Project("{FAE04EC0-301F-11D3-BF4B-00C04F79EFBC}") = "uygsinav1-96", "uygsinav1-96\uygsinav1-96.csproj", "{B1987DE5-DB91-42A3-B13E-9CE35736EA42}"
EndProject
Global
	GlobalSection(SolutionConfigurationPlatforms) = preSolution
		Debug|Any CPU = Debug|Any CPU
		Release|Any CPU = Release|Any CPU
	EndGlobalSection
	GlobalSection(ProjectConfigurationPlatforms) = postSolution
		{B1987DE5-DB91-42A3-B13E-9CE35736EA42}.Debug|Any CPU.ActiveCfg = Debug|Any CPU
		{B1987DE5-DB91-42A3-B13E-9CE35736EA42}.Debug|Any CPU.Build.0 = Debug|Any CPU
		{B1987DE5-DB91-42A3-B13E-9CE35736EA42}.Release|Any CPU.ActiveCfg = Release|Any CPU
		{B1987DE5-DB91-42A3-B13E-9CE35736EA42}.Release|Any CPU.Build.0 = Release|Any CPU
	EndGlobalSection
	GlobalSection(SolutionProperties) = preSolution
		HideSolutionNode = FALSE
	EndGlobalSection
	GlobalSection(ExtensibilityGlobals) = postSolution
		SolutionGuid = {E871EF08-3E80-4F21-9E00-0467C91F5DB8}
	EndGlobalSection
EndGlobal
